
Microsoft Visual Studio Solution File, Format Version 12.00
# Visual Studio Version 16
VisualStudioVersion = 16.0.29911.84
MinimumVisualStudioVersion = 10.0.40219.1
Project("{9A19103F-16F7-4668-BE54-9A1E7A4F7556}") = "SubFinder", "SubFinder.csproj", "{0AA07F79-E4C9-4393-A770-96D178259BFB}"
EndProject
Global
	GlobalSection(SolutionConfigurationPlatforms) = preSolution
		Debug|Any CPU = Debug|Any CPU
		Release|Any CPU = Release|Any CPU
	EndGlobalSection
	GlobalSection(ProjectConfigurationPlatforms) = postSolution
		{0AA07F79-E4C9-4393-A770-96D178259BFB}.Debug|Any CPU.ActiveCfg = Debug|Any CPU
		{0AA07F79-E4C9-4393-A770-96D178259BFB}.Debug|Any CPU.Build.0 = Debug|Any CPU
		{0AA07F79-E4C9-4393-A770-96D178259BFB}.Release|Any CPU.ActiveCfg = Release|Any CPU
		{0AA07F79-E4C9-4393-A770-96D178259BFB}.Release|Any CPU.Build.0 = Release|Any CPU
	EndGlobalSection
	GlobalSection(SolutionProperties) = preSolution
		HideSolutionNode = FALSE
	EndGlobalSection
	GlobalSection(ExtensibilityGlobals) = postSolution
		SolutionGuid = {A2DA8F29-4D24-4F19-9D88-62BA27C45B43}
	EndGlobalSection
EndGlobal
